// !$*UTF8*$!
{
	archiveVersion = 1;
	classes = {
	};
	objectVersion = 46;
	objects = {

/* Begin PBXBuildFile section */
		060F7B0F179F459900E27091 /* AssetsLibrary.framework in Frameworks */ = {isa = PBXBuildFile; fileRef = 060F7B0E179F459900E27091 /* AssetsLibrary.framework */; };
		060F7B12179F45FA00E27091 /* PBJStrobeView.m in Sources */ = {isa = PBXBuildFile; fileRef = 060F7B11179F45FA00E27091 /* PBJStrobeView.m */; };
		060F7B17179F50B800E27091 /* capture_rec_base@2x.png in Resources */ = {isa = PBXBuildFile; fileRef = 060F7B13179F50B800E27091 /* capture_rec_base@2x.png */; };
		060F7B18179F50B800E27091 /* capture_rec_blink@2x.png in Resources */ = {isa = PBXBuildFile; fileRef = 060F7B14179F50B800E27091 /* capture_rec_blink@2x.png */; };
		060F7B19179F50B800E27091 /* capture_rec_off@2x.png in Resources */ = {isa = PBXBuildFile; fileRef = 060F7B15179F50B800E27091 /* capture_rec_off@2x.png */; };
		060F7B1A179F50B800E27091 /* capture_done@2x.png in Resources */ = {isa = PBXBuildFile; fileRef = 060F7B16179F50B800E27091 /* capture_done@2x.png */; };
		060F7B1D179F550800E27091 /* capture_flip@2x.png in Resources */ = {isa = PBXBuildFile; fileRef = 060F7B1C179F550800E27091 /* capture_flip@2x.png */; };
		061858ED1846B05300DEC416 /* capture_focus@2x.png in Resources */ = {isa = PBXBuildFile; fileRef = 061858EC1846B05300DEC416 /* capture_focus@2x.png */; };
		061858F01846B06400DEC416 /* PBJFocusView.m in Sources */ = {isa = PBXBuildFile; fileRef = 061858EF1846B06400DEC416 /* PBJFocusView.m */; };
		0624D09717D43BB500665930 /* capture_onion_selected@2x.png in Resources */ = {isa = PBXBuildFile; fileRef = 0624D09517D43BB500665930 /* capture_onion_selected@2x.png */; };
		0624D09817D43BB500665930 /* capture_onion@2x.png in Resources */ = {isa = PBXBuildFile; fileRef = 0624D09617D43BB500665930 /* capture_onion@2x.png */; };
		0624D09A17D43D5D00665930 /* OpenGLES.framework in Frameworks */ = {isa = PBXBuildFile; fileRef = 0624D09917D43D5D00665930 /* OpenGLES.framework */; };
		0679DF03185539CC00A831EF /* capture_focus_button_active@2x.png in Resources */ = {isa = PBXBuildFile; fileRef = 0679DF01185539CC00A831EF /* capture_focus_button_active@2x.png */; };
		0679DF04185539CC00A831EF /* capture_focus_button@2x.png in Resources */ = {isa = PBXBuildFile; fileRef = 0679DF02185539CC00A831EF /* capture_focus_button@2x.png */; };
		067D52F817D8574200541B5E /* GLKit.framework in Frameworks */ = {isa = PBXBuildFile; fileRef = 067D52F717D8574200541B5E /* GLKit.framework */; };
		067D52FC17D857DC00541B5E /* Shader.fsh in Resources */ = {isa = PBXBuildFile; fileRef = 067D52FA17D857AB00541B5E /* Shader.fsh */; };
		067D52FD17D857DC00541B5E /* Shader.vsh in Resources */ = {isa = PBXBuildFile; fileRef = 067D52FB17D857AB00541B5E /* Shader.vsh */; };
		0683D1C2179F2E1700EE66D6 /* Foundation.framework in Frameworks */ = {isa = PBXBuildFile; fileRef = 0683D1C1179F2E1700EE66D6 /* Foundation.framework */; };
		0683D1C4179F2E1700EE66D6 /* CoreGraphics.framework in Frameworks */ = {isa = PBXBuildFile; fileRef = 0683D1C3179F2E1700EE66D6 /* CoreGraphics.framework */; };
		0683D1C6179F2E1700EE66D6 /* UIKit.framework in Frameworks */ = {isa = PBXBuildFile; fileRef = 0683D1C5179F2E1700EE66D6 /* UIKit.framework */; };
		0683D1CC179F2E1700EE66D6 /* InfoPlist.strings in Resources */ = {isa = PBXBuildFile; fileRef = 0683D1CA179F2E1700EE66D6 /* InfoPlist.strings */; };
		0683D1CE179F2E1700EE66D6 /* main.m in Sources */ = {isa = PBXBuildFile; fileRef = 0683D1CD179F2E1700EE66D6 /* main.m */; };
		0683D1D2179F2E1700EE66D6 /* PBJAppDelegate.m in Sources */ = {isa = PBXBuildFile; fileRef = 0683D1D1179F2E1700EE66D6 /* PBJAppDelegate.m */; };
		0683D1D8179F2E1700EE66D6 /* PBJViewController.m in Sources */ = {isa = PBXBuildFile; fileRef = 0683D1D7179F2E1700EE66D6 /* PBJViewController.m */; };
		06B5F9331AAA1CF3007E330C /* Images.xcassets in Resources */ = {isa = PBXBuildFile; fileRef = 06B5F9321AAA1CF3007E330C /* Images.xcassets */; };
		06B7D01E179F2E7700F3F527 /* PBJVision.m in Sources */ = {isa = PBXBuildFile; fileRef = 06B7D01B179F2E7700F3F527 /* PBJVision.m */; };
		06B7D01F179F2E7700F3F527 /* PBJVisionUtilities.m in Sources */ = {isa = PBXBuildFile; fileRef = 06B7D01D179F2E7700F3F527 /* PBJVisionUtilities.m */; };
		06B7D028179F307D00F3F527 /* AVFoundation.framework in Frameworks */ = {isa = PBXBuildFile; fileRef = 06B7D027179F307D00F3F527 /* AVFoundation.framework */; };
		06B7D02A179F312F00F3F527 /* CoreMedia.framework in Frameworks */ = {isa = PBXBuildFile; fileRef = 06B7D029179F312F00F3F527 /* CoreMedia.framework */; };
		06B7D02C179F313800F3F527 /* CoreVideo.framework in Frameworks */ = {isa = PBXBuildFile; fileRef = 06B7D02B179F313800F3F527 /* CoreVideo.framework */; };
		06B7D02F179F333400F3F527 /* MobileCoreServices.framework in Frameworks */ = {isa = PBXBuildFile; fileRef = 06B7D02D179F330E00F3F527 /* MobileCoreServices.framework */; };
		06B7D031179F33B500F3F527 /* ImageIO.framework in Frameworks */ = {isa = PBXBuildFile; fileRef = 06B7D030179F33B500F3F527 /* ImageIO.framework */; };
		06BB5D511AAA50040023C3FC /* QuartzCore.framework in Frameworks */ = {isa = PBXBuildFile; fileRef = 06BB5D501AAA50040023C3FC /* QuartzCore.framework */; };
		06C216CF1A4A924700C83065 /* CoreImage.framework in Frameworks */ = {isa = PBXBuildFile; fileRef = 06C216CE1A4A924700C83065 /* CoreImage.framework */; };
		06DF60741896B535000870C9 /* PBJMediaWriter.m in Sources */ = {isa = PBXBuildFile; fileRef = 06DF60731896B535000870C9 /* PBJMediaWriter.m */; };
		06FEB59F18F5C15600AFD4DB /* PBJGLProgram.m in Sources */ = {isa = PBXBuildFile; fileRef = 06FEB59E18F5C15600AFD4DB /* PBJGLProgram.m */; };
/* End PBXBuildFile section */

/* Begin PBXFileReference section */
		060F7B0E179F459900E27091 /* AssetsLibrary.framework */ = {isa = PBXFileReference; lastKnownFileType = wrapper.framework; name = AssetsLibrary.framework; path = System/Library/Frameworks/AssetsLibrary.framework; sourceTree = SDKROOT; };
		060F7B10179F45FA00E27091 /* PBJStrobeView.h */ = {isa = PBXFileReference; fileEncoding = 4; lastKnownFileType = sourcecode.c.h; path = PBJStrobeView.h; sourceTree = "<group>"; };
		060F7B11179F45FA00E27091 /* PBJStrobeView.m */ = {isa = PBXFileReference; fileEncoding = 4; lastKnownFileType = sourcecode.c.objc; path = PBJStrobeView.m; sourceTree = "<group>"; };
		060F7B13179F50B800E27091 /* capture_rec_base@2x.png */ = {isa = PBXFileReference; lastKnownFileType = image.png; name = "capture_rec_base@2x.png"; path = "UI/capture_rec_base@2x.png"; sourceTree = "<group>"; };
		060F7B14179F50B800E27091 /* capture_rec_blink@2x.png */ = {isa = PBXFileReference; lastKnownFileType = image.png; name = "capture_rec_blink@2x.png"; path = "UI/capture_rec_blink@2x.png"; sourceTree = "<group>"; };
		060F7B15179F50B800E27091 /* capture_rec_off@2x.png */ = {isa = PBXFileReference; lastKnownFileType = image.png; name = "capture_rec_off@2x.png"; path = "UI/capture_rec_off@2x.png"; sourceTree = "<group>"; };
		060F7B16179F50B800E27091 /* capture_done@2x.png */ = {isa = PBXFileReference; lastKnownFileType = image.png; name = "capture_done@2x.png"; path = "UI/capture_done@2x.png"; sourceTree = "<group>"; };
		060F7B1C179F550800E27091 /* capture_flip@2x.png */ = {isa = PBXFileReference; lastKnownFileType = image.png; name = "capture_flip@2x.png"; path = "UI/capture_flip@2x.png"; sourceTree = "<group>"; };
		061858EC1846B05300DEC416 /* capture_focus@2x.png */ = {isa = PBXFileReference; lastKnownFileType = image.png; name = "capture_focus@2x.png"; path = "UI/capture_focus@2x.png"; sourceTree = "<group>"; };
		061858EE1846B06400DEC416 /* PBJFocusView.h */ = {isa = PBXFileReference; fileEncoding = 4; lastKnownFileType = sourcecode.c.h; path = PBJFocusView.h; sourceTree = "<group>"; };
		061858EF1846B06400DEC416 /* PBJFocusView.m */ = {isa = PBXFileReference; fileEncoding = 4; lastKnownFileType = sourcecode.c.objc; path = PBJFocusView.m; sourceTree = "<group>"; };
		0624D09517D43BB500665930 /* capture_onion_selected@2x.png */ = {isa = PBXFileReference; lastKnownFileType = image.png; name = "capture_onion_selected@2x.png"; path = "UI/capture_onion_selected@2x.png"; sourceTree = "<group>"; };
		0624D09617D43BB500665930 /* capture_onion@2x.png */ = {isa = PBXFileReference; lastKnownFileType = image.png; name = "capture_onion@2x.png"; path = "UI/capture_onion@2x.png"; sourceTree = "<group>"; };
		0624D09917D43D5D00665930 /* OpenGLES.framework */ = {isa = PBXFileReference; lastKnownFileType = wrapper.framework; name = OpenGLES.framework; path = System/Library/Frameworks/OpenGLES.framework; sourceTree = SDKROOT; };
		0679DF01185539CC00A831EF /* capture_focus_button_active@2x.png */ = {isa = PBXFileReference; lastKnownFileType = image.png; name = "capture_focus_button_active@2x.png"; path = "UI/capture_focus_button_active@2x.png"; sourceTree = "<group>"; };
		0679DF02185539CC00A831EF /* capture_focus_button@2x.png */ = {isa = PBXFileReference; lastKnownFileType = image.png; name = "capture_focus_button@2x.png"; path = "UI/capture_focus_button@2x.png"; sourceTree = "<group>"; };
		067D52F717D8574200541B5E /* GLKit.framework */ = {isa = PBXFileReference; lastKnownFileType = wrapper.framework; name = GLKit.framework; path = System/Library/Frameworks/GLKit.framework; sourceTree = SDKROOT; };
		067D52FA17D857AB00541B5E /* Shader.fsh */ = {isa = PBXFileReference; lastKnownFileType = sourcecode.glsl; name = Shader.fsh; path = ../Source/Shaders/Shader.fsh; sourceTree = "<group>"; };
		067D52FB17D857AB00541B5E /* Shader.vsh */ = {isa = PBXFileReference; lastKnownFileType = sourcecode.glsl; name = Shader.vsh; path = ../Source/Shaders/Shader.vsh; sourceTree = "<group>"; };
		0683D1BE179F2E1700EE66D6 /* Vision.app */ = {isa = PBXFileReference; explicitFileType = wrapper.application; includeInIndex = 0; path = Vision.app; sourceTree = BUILT_PRODUCTS_DIR; };
		0683D1C1179F2E1700EE66D6 /* Foundation.framework */ = {isa = PBXFileReference; lastKnownFileType = wrapper.framework; name = Foundation.framework; path = System/Library/Frameworks/Foundation.framework; sourceTree = SDKROOT; };
		0683D1C3179F2E1700EE66D6 /* CoreGraphics.framework */ = {isa = PBXFileReference; lastKnownFileType = wrapper.framework; name = CoreGraphics.framework; path = System/Library/Frameworks/CoreGraphics.framework; sourceTree = SDKROOT; };
		0683D1C5179F2E1700EE66D6 /* UIKit.framework */ = {isa = PBXFileReference; lastKnownFileType = wrapper.framework; name = UIKit.framework; path = System/Library/Frameworks/UIKit.framework; sourceTree = SDKROOT; };
		0683D1C9179F2E1700EE66D6 /* Vision-Info.plist */ = {isa = PBXFileReference; lastKnownFileType = text.plist.xml; path = "Vision-Info.plist"; sourceTree = "<group>"; };
		0683D1CB179F2E1700EE66D6 /* en */ = {isa = PBXFileReference; lastKnownFileType = text.plist.strings; name = en; path = en.lproj/InfoPlist.strings; sourceTree = "<group>"; };
		0683D1CD179F2E1700EE66D6 /* main.m */ = {isa = PBXFileReference; lastKnownFileType = sourcecode.c.objc; path = main.m; sourceTree = "<group>"; };
		0683D1CF179F2E1700EE66D6 /* Vision-Prefix.pch */ = {isa = PBXFileReference; lastKnownFileType = sourcecode.c.h; path = "Vision-Prefix.pch"; sourceTree = "<group>"; };
		0683D1D0179F2E1700EE66D6 /* PBJAppDelegate.h */ = {isa = PBXFileReference; lastKnownFileType = sourcecode.c.h; path = PBJAppDelegate.h; sourceTree = "<group>"; };
		0683D1D1179F2E1700EE66D6 /* PBJAppDelegate.m */ = {isa = PBXFileReference; lastKnownFileType = sourcecode.c.objc; path = PBJAppDelegate.m; sourceTree = "<group>"; };
		0683D1D6179F2E1700EE66D6 /* PBJViewController.h */ = {isa = PBXFileReference; lastKnownFileType = sourcecode.c.h; path = PBJViewController.h; sourceTree = "<group>"; };
		0683D1D7179F2E1700EE66D6 /* PBJViewController.m */ = {isa = PBXFileReference; lastKnownFileType = sourcecode.c.objc; path = PBJViewController.m; sourceTree = "<group>"; };
		06B5F9321AAA1CF3007E330C /* Images.xcassets */ = {isa = PBXFileReference; lastKnownFileType = folder.assetcatalog; path = Images.xcassets; sourceTree = "<group>"; };
		06B7D01A179F2E7700F3F527 /* PBJVision.h */ = {isa = PBXFileReference; fileEncoding = 4; lastKnownFileType = sourcecode.c.h; name = PBJVision.h; path = ../Source/PBJVision.h; sourceTree = "<group>"; };
		06B7D01B179F2E7700F3F527 /* PBJVision.m */ = {isa = PBXFileReference; fileEncoding = 4; lastKnownFileType = sourcecode.c.objc; name = PBJVision.m; path = ../Source/PBJVision.m; sourceTree = "<group>"; };
		06B7D01C179F2E7700F3F527 /* PBJVisionUtilities.h */ = {isa = PBXFileReference; fileEncoding = 4; lastKnownFileType = sourcecode.c.h; name = PBJVisionUtilities.h; path = ../Source/PBJVisionUtilities.h; sourceTree = "<group>"; };
		06B7D01D179F2E7700F3F527 /* PBJVisionUtilities.m */ = {isa = PBXFileReference; fileEncoding = 4; lastKnownFileType = sourcecode.c.objc; name = PBJVisionUtilities.m; path = ../Source/PBJVisionUtilities.m; sourceTree = "<group>"; };
		06B7D020179F2EDC00F3F527 /* Base.xcconfig */ = {isa = PBXFileReference; fileEncoding = 4; lastKnownFileType = text.xcconfig; path = Base.xcconfig; sourceTree = SOURCE_ROOT; };
		06B7D021179F2EDC00F3F527 /* Debug.xcconfig */ = {isa = PBXFileReference; fileEncoding = 4; lastKnownFileType = text.xcconfig; path = Debug.xcconfig; sourceTree = SOURCE_ROOT; };
		06B7D022179F2EDC00F3F527 /* Release.xcconfig */ = {isa = PBXFileReference; fileEncoding = 4; lastKnownFileType = text.xcconfig; path = Release.xcconfig; sourceTree = SOURCE_ROOT; };
		06B7D027179F307D00F3F527 /* AVFoundation.framework */ = {isa = PBXFileReference; lastKnownFileType = wrapper.framework; name = AVFoundation.framework; path = System/Library/Frameworks/AVFoundation.framework; sourceTree = SDKROOT; };
		06B7D029179F312F00F3F527 /* CoreMedia.framework */ = {isa = PBXFileReference; lastKnownFileType = wrapper.framework; name = CoreMedia.framework; path = System/Library/Frameworks/CoreMedia.framework; sourceTree = SDKROOT; };
		06B7D02B179F313800F3F527 /* CoreVideo.framework */ = {isa = PBXFileReference; lastKnownFileType = wrapper.framework; name = CoreVideo.framework; path = System/Library/Frameworks/CoreVideo.framework; sourceTree = SDKROOT; };
		06B7D02D179F330E00F3F527 /* MobileCoreServices.framework */ = {isa = PBXFileReference; lastKnownFileType = wrapper.framework; name = MobileCoreServices.framework; path = System/Library/Frameworks/MobileCoreServices.framework; sourceTree = SDKROOT; };
		06B7D030179F33B500F3F527 /* ImageIO.framework */ = {isa = PBXFileReference; lastKnownFileType = wrapper.framework; name = ImageIO.framework; path = System/Library/Frameworks/ImageIO.framework; sourceTree = SDKROOT; };
		06BB5D501AAA50040023C3FC /* QuartzCore.framework */ = {isa = PBXFileReference; lastKnownFileType = wrapper.framework; name = QuartzCore.framework; path = System/Library/Frameworks/QuartzCore.framework; sourceTree = SDKROOT; };
		06C216CE1A4A924700C83065 /* CoreImage.framework */ = {isa = PBXFileReference; lastKnownFileType = wrapper.framework; name = CoreImage.framework; path = System/Library/Frameworks/CoreImage.framework; sourceTree = SDKROOT; };
		06DF60721896B535000870C9 /* PBJMediaWriter.h */ = {isa = PBXFileReference; fileEncoding = 4; lastKnownFileType = sourcecode.c.h; name = PBJMediaWriter.h; path = ../Source/PBJMediaWriter.h; sourceTree = "<group>"; };
		06DF60731896B535000870C9 /* PBJMediaWriter.m */ = {isa = PBXFileReference; fileEncoding = 4; lastKnownFileType = sourcecode.c.objc; name = PBJMediaWriter.m; path = ../Source/PBJMediaWriter.m; sourceTree = "<group>"; };
		06FEB59D18F5C15600AFD4DB /* PBJGLProgram.h */ = {isa = PBXFileReference; fileEncoding = 4; lastKnownFileType = sourcecode.c.h; name = PBJGLProgram.h; path = ../Source/PBJGLProgram.h; sourceTree = "<group>"; };
		06FEB59E18F5C15600AFD4DB /* PBJGLProgram.m */ = {isa = PBXFileReference; fileEncoding = 4; lastKnownFileType = sourcecode.c.objc; name = PBJGLProgram.m; path = ../Source/PBJGLProgram.m; sourceTree = "<group>"; };
/* End PBXFileReference section */

/* Begin PBXFrameworksBuildPhase section */
		0683D1BB179F2E1700EE66D6 /* Frameworks */ = {
			isa = PBXFrameworksBuildPhase;
			buildActionMask = 2147483647;
			files = (
				06BB5D511AAA50040023C3FC /* QuartzCore.framework in Frameworks */,
				06C216CF1A4A924700C83065 /* CoreImage.framework in Frameworks */,
				067D52F817D8574200541B5E /* GLKit.framework in Frameworks */,
				0624D09A17D43D5D00665930 /* OpenGLES.framework in Frameworks */,
				060F7B0F179F459900E27091 /* AssetsLibrary.framework in Frameworks */,
				06B7D031179F33B500F3F527 /* ImageIO.framework in Frameworks */,
				06B7D02F179F333400F3F527 /* MobileCoreServices.framework in Frameworks */,
				06B7D02C179F313800F3F527 /* CoreVideo.framework in Frameworks */,
				06B7D02A179F312F00F3F527 /* CoreMedia.framework in Frameworks */,
				06B7D028179F307D00F3F527 /* AVFoundation.framework in Frameworks */,
				0683D1C4179F2E1700EE66D6 /* CoreGraphics.framework in Frameworks */,
				0683D1C6179F2E1700EE66D6 /* UIKit.framework in Frameworks */,
				0683D1C2179F2E1700EE66D6 /* Foundation.framework in Frameworks */,
			);
			runOnlyForDeploymentPostprocessing = 0;
		};
/* End PBXFrameworksBuildPhase section */

/* Begin PBXGroup section */
		060F7B1B179F50C300E27091 /* Interface */ = {
			isa = PBXGroup;
			children = (
				060F7B1C179F550800E27091 /* capture_flip@2x.png */,
				061858EC1846B05300DEC416 /* capture_focus@2x.png */,
				0679DF02185539CC00A831EF /* capture_focus_button@2x.png */,
				0679DF01185539CC00A831EF /* capture_focus_button_active@2x.png */,
				0624D09617D43BB500665930 /* capture_onion@2x.png */,
				0624D09517D43BB500665930 /* capture_onion_selected@2x.png */,
				060F7B13179F50B800E27091 /* capture_rec_base@2x.png */,
				060F7B14179F50B800E27091 /* capture_rec_blink@2x.png */,
				060F7B15179F50B800E27091 /* capture_rec_off@2x.png */,
				060F7B16179F50B800E27091 /* capture_done@2x.png */,
			);
			name = Interface;
			sourceTree = "<group>";
		};
		067D52F917D8577D00541B5E /* Shaders */ = {
			isa = PBXGroup;
			children = (
				067D52FA17D857AB00541B5E /* Shader.fsh */,
				067D52FB17D857AB00541B5E /* Shader.vsh */,
			);
			name = Shaders;
			sourceTree = "<group>";
		};
		0683D1B5179F2E1700EE66D6 = {
			isa = PBXGroup;
			children = (
				06B7D026179F2F0800F3F527 /* Vision */,
				0683D1C7179F2E1700EE66D6 /* App */,
				0683D1C0179F2E1700EE66D6 /* Frameworks */,
				0683D1BF179F2E1700EE66D6 /* Products */,
			);
			sourceTree = "<group>";
		};
		0683D1BF179F2E1700EE66D6 /* Products */ = {
			isa = PBXGroup;
			children = (
				0683D1BE179F2E1700EE66D6 /* Vision.app */,
			);
			name = Products;
			sourceTree = "<group>";
		};
		0683D1C0179F2E1700EE66D6 /* Frameworks */ = {
			isa = PBXGroup;
			children = (
				06BB5D501AAA50040023C3FC /* QuartzCore.framework */,
				06C216CE1A4A924700C83065 /* CoreImage.framework */,
				060F7B0E179F459900E27091 /* AssetsLibrary.framework */,
				06B7D027179F307D00F3F527 /* AVFoundation.framework */,
				0683D1C3179F2E1700EE66D6 /* CoreGraphics.framework */,
				06B7D029179F312F00F3F527 /* CoreMedia.framework */,
				06B7D02B179F313800F3F527 /* CoreVideo.framework */,
				0683D1C1179F2E1700EE66D6 /* Foundation.framework */,
				067D52F717D8574200541B5E /* GLKit.framework */,
				06B7D030179F33B500F3F527 /* ImageIO.framework */,
				06B7D02D179F330E00F3F527 /* MobileCoreServices.framework */,
				0624D09917D43D5D00665930 /* OpenGLES.framework */,
				0683D1C5179F2E1700EE66D6 /* UIKit.framework */,
			);
			name = Frameworks;
			sourceTree = "<group>";
		};
		0683D1C7179F2E1700EE66D6 /* App */ = {
			isa = PBXGroup;
			children = (
				0683D1D0179F2E1700EE66D6 /* PBJAppDelegate.h */,
				0683D1D1179F2E1700EE66D6 /* PBJAppDelegate.m */,
				0683D1D6179F2E1700EE66D6 /* PBJViewController.h */,
				0683D1D7179F2E1700EE66D6 /* PBJViewController.m */,
				061858EE1846B06400DEC416 /* PBJFocusView.h */,
				061858EF1846B06400DEC416 /* PBJFocusView.m */,
				060F7B10179F45FA00E27091 /* PBJStrobeView.h */,
				060F7B11179F45FA00E27091 /* PBJStrobeView.m */,
				0683D1C8179F2E1700EE66D6 /* Supporting Files */,
			);
			name = App;
			path = Vision;
			sourceTree = "<group>";
		};
		0683D1C8179F2E1700EE66D6 /* Supporting Files */ = {
			isa = PBXGroup;
			children = (
				060F7B1B179F50C300E27091 /* Interface */,
				06B5F9321AAA1CF3007E330C /* Images.xcassets */,
				06B7D020179F2EDC00F3F527 /* Base.xcconfig */,
				06B7D021179F2EDC00F3F527 /* Debug.xcconfig */,
				06B7D022179F2EDC00F3F527 /* Release.xcconfig */,
				0683D1C9179F2E1700EE66D6 /* Vision-Info.plist */,
				0683D1CF179F2E1700EE66D6 /* Vision-Prefix.pch */,
				0683D1CA179F2E1700EE66D6 /* InfoPlist.strings */,
				0683D1CD179F2E1700EE66D6 /* main.m */,
			);
			name = "Supporting Files";
			sourceTree = "<group>";
		};
		06B7D026179F2F0800F3F527 /* Vision */ = {
			isa = PBXGroup;
			children = (
				06FEB5A018F5C16400AFD4DB /* Effects */,
				06B7D01A179F2E7700F3F527 /* PBJVision.h */,
				06B7D01B179F2E7700F3F527 /* PBJVision.m */,
				06B7D01C179F2E7700F3F527 /* PBJVisionUtilities.h */,
				06B7D01D179F2E7700F3F527 /* PBJVisionUtilities.m */,
				06DF60721896B535000870C9 /* PBJMediaWriter.h */,
				06DF60731896B535000870C9 /* PBJMediaWriter.m */,
			);
			name = Vision;
			sourceTree = "<group>";
		};
		06FEB5A018F5C16400AFD4DB /* Effects */ = {
			isa = PBXGroup;
			children = (
				067D52F917D8577D00541B5E /* Shaders */,
				06FEB59D18F5C15600AFD4DB /* PBJGLProgram.h */,
				06FEB59E18F5C15600AFD4DB /* PBJGLProgram.m */,
			);
			name = Effects;
			sourceTree = "<group>";
		};
/* End PBXGroup section */

/* Begin PBXNativeTarget section */
		0683D1BD179F2E1700EE66D6 /* Vision */ = {
			isa = PBXNativeTarget;
			buildConfigurationList = 0683D1F0179F2E1700EE66D6 /* Build configuration list for PBXNativeTarget "Vision" */;
			buildPhases = (
				0683D1BA179F2E1700EE66D6 /* Sources */,
				0683D1BB179F2E1700EE66D6 /* Frameworks */,
				0683D1BC179F2E1700EE66D6 /* Resources */,
			);
			buildRules = (
			);
			dependencies = (
			);
			name = Vision;
			productName = Vision;
			productReference = 0683D1BE179F2E1700EE66D6 /* Vision.app */;
			productType = "com.apple.product-type.application";
		};
/* End PBXNativeTarget section */

/* Begin PBXProject section */
		0683D1B6179F2E1700EE66D6 /* Project object */ = {
			isa = PBXProject;
			attributes = {
				CLASSPREFIX = PBJ;
				LastUpgradeCheck = 0600;
				ORGANIZATIONNAME = "Patrick Piemonte";
			};
			buildConfigurationList = 0683D1B9179F2E1700EE66D6 /* Build configuration list for PBXProject "Vision" */;
			compatibilityVersion = "Xcode 3.2";
			developmentRegion = English;
			hasScannedForEncodings = 0;
			knownRegions = (
				en,
				Base,
			);
			mainGroup = 0683D1B5179F2E1700EE66D6;
			productRefGroup = 0683D1BF179F2E1700EE66D6 /* Products */;
			projectDirPath = "";
			projectRoot = "";
			targets = (
				0683D1BD179F2E1700EE66D6 /* Vision */,
			);
		};
/* End PBXProject section */

/* Begin PBXResourcesBuildPhase section */
		0683D1BC179F2E1700EE66D6 /* Resources */ = {
			isa = PBXResourcesBuildPhase;
			buildActionMask = 2147483647;
			files = (
				067D52FC17D857DC00541B5E /* Shader.fsh in Resources */,
				0679DF04185539CC00A831EF /* capture_focus_button@2x.png in Resources */,
				067D52FD17D857DC00541B5E /* Shader.vsh in Resources */,
				060F7B18179F50B800E27091 /* capture_rec_blink@2x.png in Resources */,
				0679DF03185539CC00A831EF /* capture_focus_button_active@2x.png in Resources */,
				0624D09717D43BB500665930 /* capture_onion_selected@2x.png in Resources */,
				0683D1CC179F2E1700EE66D6 /* InfoPlist.strings in Resources */,
				060F7B17179F50B800E27091 /* capture_rec_base@2x.png in Resources */,
				060F7B1D179F550800E27091 /* capture_flip@2x.png in Resources */,
				06B5F9331AAA1CF3007E330C /* Images.xcassets in Resources */,
				060F7B1A179F50B800E27091 /* capture_done@2x.png in Resources */,
				060F7B19179F50B800E27091 /* capture_rec_off@2x.png in Resources */,
				0624D09817D43BB500665930 /* capture_onion@2x.png in Resources */,
				061858ED1846B05300DEC416 /* capture_focus@2x.png in Resources */,
			);
			runOnlyForDeploymentPostprocessing = 0;
		};
/* End PBXResourcesBuildPhase section */

/* Begin PBXSourcesBuildPhase section */
		0683D1BA179F2E1700EE66D6 /* Sources */ = {
			isa = PBXSourcesBuildPhase;
			buildActionMask = 2147483647;
			files = (
				0683D1D8179F2E1700EE66D6 /* PBJViewController.m in Sources */,
				0683D1CE179F2E1700EE66D6 /* main.m in Sources */,
				060F7B12179F45FA00E27091 /* PBJStrobeView.m in Sources */,
				06DF60741896B535000870C9 /* PBJMediaWriter.m in Sources */,
				061858F01846B06400DEC416 /* PBJFocusView.m in Sources */,
				06B7D01E179F2E7700F3F527 /* PBJVision.m in Sources */,
				06FEB59F18F5C15600AFD4DB /* PBJGLProgram.m in Sources */,
				06B7D01F179F2E7700F3F527 /* PBJVisionUtilities.m in Sources */,
				0683D1D2179F2E1700EE66D6 /* PBJAppDelegate.m in Sources */,
			);
			runOnlyForDeploymentPostprocessing = 0;
		};
/* End PBXSourcesBuildPhase section */

/* Begin PBXVariantGroup section */
		0683D1CA179F2E1700EE66D6 /* InfoPlist.strings */ = {
			isa = PBXVariantGroup;
			children = (
				0683D1CB179F2E1700EE66D6 /* en */,
			);
			name = InfoPlist.strings;
			sourceTree = "<group>";
		};
/* End PBXVariantGroup section */

/* Begin XCBuildConfiguration section */
		0683D1EE179F2E1700EE66D6 /* Debug */ = {
			isa = XCBuildConfiguration;
			baseConfigurationReference = 06B7D021179F2EDC00F3F527 /* Debug.xcconfig */;
			buildSettings = {
				SDKROOT = iphoneos;
			};
			name = Debug;
		};
		0683D1EF179F2E1700EE66D6 /* Release */ = {
			isa = XCBuildConfiguration;
			baseConfigurationReference = 06B7D022179F2EDC00F3F527 /* Release.xcconfig */;
			buildSettings = {
				SDKROOT = iphoneos;
			};
			name = Release;
		};
		0683D1F1179F2E1700EE66D6 /* Debug */ = {
			isa = XCBuildConfiguration;
			buildSettings = {
				ASSETCATALOG_COMPILER_APPICON_NAME = AppIcon;
				ASSETCATALOG_COMPILER_LAUNCHIMAGE_NAME = LaunchImage;
				CODE_SIGN_IDENTITY = "iPhone Developer";
			};
			name = Debug;
		};
		0683D1F2179F2E1700EE66D6 /* Release */ = {
			isa = XCBuildConfiguration;
			buildSettings = {
				ASSETCATALOG_COMPILER_APPICON_NAME = AppIcon;
				ASSETCATALOG_COMPILER_LAUNCHIMAGE_NAME = LaunchImage;
				CODE_SIGN_IDENTITY = "iPhone Developer";
			};
			name = Release;
		};
/* End XCBuildConfiguration section */

/* Begin XCConfigurationList section */
		0683D1B9179F2E1700EE66D6 /* Build configuration list for PBXProject "Vision" */ = {
			isa = XCConfigurationList;
			buildConfigurations = (
				0683D1EE179F2E1700EE66D6 /* Debug */,
				0683D1EF179F2E1700EE66D6 /* Release */,
			);
			defaultConfigurationIsVisible = 0;
			defaultConfigurationName = Release;
		};
		0683D1F0179F2E1700EE66D6 /* Build configuration list for PBXNativeTarget "Vision" */ = {
			isa = XCConfigurationList;
			buildConfigurations = (
				0683D1F1179F2E1700EE66D6 /* Debug */,
				0683D1F2179F2E1700EE66D6 /* Release */,
			);
			defaultConfigurationIsVisible = 0;
			defaultConfigurationName = Release;
		};
/* End XCConfigurationList section */
	};
	rootObject = 0683D1B6179F2E1700EE66D6 /* Project object */;
}
